
Microsoft Visual Studio Solution File, Format Version 12.00
# Visual Studio Version 17
VisualStudioVersion = 17.9.34714.143
MinimumVisualStudioVersion = 10.0.40219.1
Project("{9A19103F-16F7-4668-BE54-9A1E7A4F7556}") = "Intex2", "Intex2\Intex2.csproj", "{9B5FAEC3-AAB5-4EE1-A356-DC64811E84F4}"
EndProject
Global
	GlobalSection(SolutionConfigurationPlatforms) = preSolution
		Debug|Any CPU = Debug|Any CPU
		Release|Any CPU = Release|Any CPU
	EndGlobalSection
	GlobalSection(ProjectConfigurationPlatforms) = postSolution
		{9B5FAEC3-AAB5-4EE1-A356-DC64811E84F4}.Debug|Any CPU.ActiveCfg = Debug|Any CPU
		{9B5FAEC3-AAB5-4EE1-A356-DC64811E84F4}.Debug|Any CPU.Build.0 = Debug|Any CPU
		{9B5FAEC3-AAB5-4EE1-A356-DC64811E84F4}.Release|Any CPU.ActiveCfg = Release|Any CPU
		{9B5FAEC3-AAB5-4EE1-A356-DC64811E84F4}.Release|Any CPU.Build.0 = Release|Any CPU
	EndGlobalSection
	GlobalSection(SolutionProperties) = preSolution
		HideSolutionNode = FALSE
	EndGlobalSection
	GlobalSection(ExtensibilityGlobals) = postSolution
		SolutionGuid = {DBAA9068-29C8-4580-81C6-125FBEA9BB4C}
	EndGlobalSection
EndGlobal
